
Microsoft Visual Studio Solution File, Format Version 12.00
# Visual Studio 2015
Project("{FAE04EC0-301F-11D3-BF4B-00C04F79EFBC}") = "Together.Plugins", "Together.Plugins.csproj", "{B25EF9CC-900C-DD8C-7C12-100E017E46FF}"
EndProject
Project("{FAE04EC0-301F-11D3-BF4B-00C04F79EFBC}") = "Together", "Together.csproj", "{5003DE52-8349-5ACB-9780-51C04E3FCF76}"
EndProject
Global
	GlobalSection(SolutionConfigurationPlatforms) = preSolution
		Debug|Any CPU = Debug|Any CPU
		Release|Any CPU = Release|Any CPU
	EndGlobalSection
	GlobalSection(ProjectConfigurationPlatforms) = postSolution
		{B25EF9CC-900C-DD8C-7C12-100E017E46FF}.Debug|Any CPU.ActiveCfg = Debug|Any CPU
		{B25EF9CC-900C-DD8C-7C12-100E017E46FF}.Debug|Any CPU.Build.0 = Debug|Any CPU
		{B25EF9CC-900C-DD8C-7C12-100E017E46FF}.Release|Any CPU.ActiveCfg = Release|Any CPU
		{B25EF9CC-900C-DD8C-7C12-100E017E46FF}.Release|Any CPU.Build.0 = Release|Any CPU
		{5003DE52-8349-5ACB-9780-51C04E3FCF76}.Debug|Any CPU.ActiveCfg = Debug|Any CPU
		{5003DE52-8349-5ACB-9780-51C04E3FCF76}.Debug|Any CPU.Build.0 = Debug|Any CPU
		{5003DE52-8349-5ACB-9780-51C04E3FCF76}.Release|Any CPU.ActiveCfg = Release|Any CPU
		{5003DE52-8349-5ACB-9780-51C04E3FCF76}.Release|Any CPU.Build.0 = Release|Any CPU
	EndGlobalSection
	GlobalSection(SolutionProperties) = preSolution
		HideSolutionNode = FALSE
	EndGlobalSection
EndGlobal
